{
  "name": "vue-open-data-project-beenbeanz",
  "lockfileVersion": 3,
  "requires": true,
  "packages": {
    "": {
      "dependencies": {
        "vue-d3-charts": "^0.2.8"
      }
    },
    "node_modules/@babel/helper-string-parser": {
      "version": "7.27.1",
      "resolved": "https://registry.npmjs.org/@babel/helper-string-parser/-/helper-string-parser-7.27.1.tgz",
      "integrity": "sha512-qMlSxKbpRlAridDExk92nSobyDdpPijUq2DW6oDnUqd0iOGxmQjyqhMIihI9+zv4LPyZdRje2cavWPbCbWm3eA==",
      "license": "MIT",
      "peer": true,
      "engines": {
        "node": ">=6.9.0"
      }
    },
    "node_modules/@babel/helper-validator-identifier": {
      "version": "7.28.5",
      "resolved": "https://registry.npmjs.org/@babel/helper-validator-identifier/-/helper-validator-identifier-7.28.5.tgz",
      "integrity": "sha512-qSs4ifwzKJSV39ucNjsvc6WVHs6b7S03sOh2OcHF9UHfVPqWWALUsNUVzhSBiItjRZoLHx7nIarVjqKVusUZ1Q==",
      "license": "MIT",
      "peer": true,
      "engines": {
        "node": ">=6.9.0"
      }
    },
    "node_modules/@babel/parser": {
      "version": "7.29.2",
      "resolved": "https://registry.npmjs.org/@babel/parser/-/parser-7.29.2.tgz",
      "integrity": "sha512-4GgRzy/+fsBa72/RZVJmGKPmZu9Byn8o4MoLpmNe1m8ZfYnz5emHLQz3U4gLud6Zwl0RZIcgiLD7Uq7ySFuDLA==",
      "license": "MIT",
      "peer": true,
      "dependencies": {
        "@babel/types": "^7.29.0"
      },
      "bin": {
        "parser": "bin/babel-parser.js"
      },
      "engines": {
        "node": ">=6.0.0"
      }
    },
    "node_modules/@babel/types": {
      "version": "7.29.0",
      "resolved": "https://registry.npmjs.org/@babel/types/-/types-7.29.0.tgz",
      "integrity": "sha512-LwdZHpScM4Qz8Xw2iKSzS+cfglZzJGvofQICy7W7v4caru4EaAmyUuO6BGrbyQ2mYV11W0U8j5mBhd14dd3B0A==",
      "license": "MIT",
      "peer": true,
      "dependencies": {
        "@babel/helper-string-parser": "^7.27.1",
        "@babel/helper-validator-identifier": "^7.28.5"
      },
      "engines": {
        "node": ">=6.9.0"
      }
    },
    "node_modules/@vue/compiler-sfc": {
      "version": "2.7.16",
      "resolved": "https://registry.npmjs.org/@vue/compiler-sfc/-/compiler-sfc-2.7.16.tgz",
      "integrity": "sha512-KWhJ9k5nXuNtygPU7+t1rX6baZeqOYLEforUPjgNDBnLicfHCoi48H87Q8XyLZOrNNsmhuwKqtpDQWjEFe6Ekg==",
      "peer": true,
      "dependencies": {
        "@babel/parser": "^7.23.5",
        "postcss": "^8.4.14",
        "source-map": "^0.6.1"
      },
      "optionalDependencies": {
        "prettier": "^1.18.2 || ^2.0.0"
      }
    },
    "node_modules/csstype": {
      "version": "3.2.3",
      "resolved": "https://registry.npmjs.org/csstype/-/csstype-3.2.3.tgz",
      "integrity": "sha512-z1HGKcYy2xA8AGQfwrn0PAy+PB7X/GSj3UVJW9qKyn43xWa+gl5nXmU4qqLMRzWVLFC8KusUX8T/0kCiOYpAIQ==",
      "license": "MIT",
      "peer": true
    },
    "node_modules/d3-array": {
      "version": "2.12.1",
      "resolved": "https://registry.npmjs.org/d3-array/-/d3-array-2.12.1.tgz",
      "integrity": "sha512-B0ErZK/66mHtEsR1TkPEEkwdy+WDesimkM5gpZr5Dsg54BiTA5RXtYW5qTLIAcekaS9xfZrzBLF/OAkB3Qn1YQ==",
      "license": "BSD-3-Clause",
      "dependencies": {
        "internmap": "^1.0.0"
      }
    },
    "node_modules/d3-axis": {
      "version": "1.0.12",
      "resolved": "https://registry.npmjs.org/d3-axis/-/d3-axis-1.0.12.tgz",
      "integrity": "sha512-ejINPfPSNdGFKEOAtnBtdkpr24c4d4jsei6Lg98mxf424ivoDP2956/5HDpIAtmHo85lqT4pruy+zEgvRUBqaQ==",
      "license": "BSD-3-Clause"
    },
    "node_modules/d3-cloud": {
      "version": "1.2.9",
      "resolved": "https://registry.npmjs.org/d3-cloud/-/d3-cloud-1.2.9.tgz",
      "integrity": "sha512-leL1GLneC9ZQtnV+6TGWrNlGfI1WX7S2arcTv2vae12DaXo5wjm6GBCkskXbrDlyOymd/A75Pyj1H37MW4BZ/Q==",
      "license": "BSD-3-Clause",
      "dependencies": {
        "d3-dispatch": "^1.0.3"
      }
    },
    "node_modules/d3-color": {
      "version": "1.4.1",
      "resolved": "https://registry.npmjs.org/d3-color/-/d3-color-1.4.1.tgz",
      "integrity": "sha512-p2sTHSLCJI2QKunbGb7ocOh7DgTAn8IrLx21QRc/BSnodXM4sv6aLQlnfpvehFMLZEfBc6g9pH9SWQccFYfJ9Q==",
      "license": "BSD-3-Clause"
    },
    "node_modules/d3-dispatch": {
      "version": "1.0.6",
      "resolved": "https://registry.npmjs.org/d3-dispatch/-/d3-dispatch-1.0.6.tgz",
      "integrity": "sha512-fVjoElzjhCEy+Hbn8KygnmMS7Or0a9sI2UzGwoB7cCtvI1XpVN9GpoYlnb3xt2YV66oXYb1fLJ8GMvP4hdU1RA==",
      "license": "BSD-3-Clause"
    },
    "node_modules/d3-ease": {
      "version": "1.0.7",
      "resolved": "https://registry.npmjs.org/d3-ease/-/d3-ease-1.0.7.tgz",
      "integrity": "sha512-lx14ZPYkhNx0s/2HX5sLFUI3mbasHjSSpwO/KaaNACweVwxUruKyWVcb293wMv1RqTPZyZ8kSZ2NogUZNcLOFQ==",
      "license": "BSD-3-Clause"
    },
    "node_modules/d3-format": {
      "version": "2.0.0",
      "resolved": "https://registry.npmjs.org/d3-format/-/d3-format-2.0.0.tgz",
      "integrity": "sha512-Ab3S6XuE/Q+flY96HXT0jOXcM4EAClYFnRGY5zsjRGNy6qCYrQsMffs7cV5Q9xejb35zxW5hf/guKw34kvIKsA==",
      "license": "BSD-3-Clause"
    },
    "node_modules/d3-hierarchy": {
      "version": "1.1.9",
      "resolved": "https://registry.npmjs.org/d3-hierarchy/-/d3-hierarchy-1.1.9.tgz",
      "integrity": "sha512-j8tPxlqh1srJHAtxfvOUwKNYJkQuBFdM1+JAUfq6xqH5eAqf93L7oG1NVqDa4CpFZNvnNKtCYEUC8KY9yEn9lQ==",
      "license": "BSD-3-Clause"
    },
    "node_modules/d3-interpolate": {
      "version": "1.4.0",
      "resolved": "https://registry.npmjs.org/d3-interpolate/-/d3-interpolate-1.4.0.tgz",
      "integrity": "sha512-V9znK0zc3jOPV4VD2zZn0sDhZU3WAE2bmlxdIwwQPPzPjvyLkd8B3JUVdS1IDUFDkWZ72c9qnv1GK2ZagTZ8EA==",
      "license": "BSD-3-Clause",
      "dependencies": {
        "d3-color": "1"
      }
    },
    "node_modules/d3-path": {
      "version": "1.0.9",
      "resolved": "https://registry.npmjs.org/d3-path/-/d3-path-1.0.9.tgz",
      "integrity": "sha512-VLaYcn81dtHVTjEHd8B+pbe9yHWpXKZUC87PzoFmsFrJqgFwDe/qxfp5MlfsfM1V5E/iVt0MmEbWQ7FVIXh/bg==",
      "license": "BSD-3-Clause"
    },
    "node_modules/d3-scale": {
      "version": "3.3.0",
      "resolved": "https://registry.npmjs.org/d3-scale/-/d3-scale-3.3.0.tgz",
      "integrity": "sha512-1JGp44NQCt5d1g+Yy+GeOnZP7xHo0ii8zsQp6PGzd+C1/dl0KGsp9A7Mxwp+1D1o4unbTTxVdU/ZOIEBoeZPbQ==",
      "license": "BSD-3-Clause",
      "dependencies": {
        "d3-array": "^2.3.0",
        "d3-format": "1 - 2",
        "d3-interpolate": "1.2.0 - 2",
        "d3-time": "^2.1.1",
        "d3-time-format": "2 - 3"
      }
    },
    "node_modules/d3-scale-chromatic": {
      "version": "1.5.0",
      "resolved": "https://registry.npmjs.org/d3-scale-chromatic/-/d3-scale-chromatic-1.5.0.tgz",
      "integrity": "sha512-ACcL46DYImpRFMBcpk9HhtIyC7bTBR4fNOPxwVSl0LfulDAwyiHyPOTqcDG1+t5d4P9W7t/2NAuWu59aKko/cg==",
      "license": "BSD-3-Clause",
      "dependencies": {
        "d3-color": "1",
        "d3-interpolate": "1"
      }
    },
    "node_modules/d3-selection": {
      "version": "1.4.2",
      "resolved": "https://registry.npmjs.org/d3-selection/-/d3-selection-1.4.2.tgz",
      "integrity": "sha512-SJ0BqYihzOjDnnlfyeHT0e30k0K1+5sR3d5fNueCNeuhZTnGw4M4o8mqJchSwgKMXCNFo+e2VTChiSJ0vYtXkg==",
      "license": "BSD-3-Clause"
    },
    "node_modules/d3-shape": {
      "version": "1.3.7",
      "resolved": "https://registry.npmjs.org/d3-shape/-/d3-shape-1.3.7.tgz",
      "integrity": "sha512-EUkvKjqPFUAZyOlhY5gzCxCeI0Aep04LwIRpsZ/mLFelJiUfnK56jo5JMDSE7yyP2kLSb6LtF+S5chMk7uqPqw==",
      "license": "BSD-3-Clause",
      "dependencies": {
        "d3-path": "1"
      }
    },
    "node_modules/d3-time": {
      "version": "2.1.1",
      "resolved": "https://registry.npmjs.org/d3-time/-/d3-time-2.1.1.tgz",
      "integrity": "sha512-/eIQe/eR4kCQwq7yxi7z4c6qEXf2IYGcjoWB5OOQy4Tq9Uv39/947qlDcN2TLkiTzQWzvnsuYPB9TrWaNfipKQ==",
      "license": "BSD-3-Clause",
      "dependencies": {
        "d3-array": "2"
      }
    },
    "node_modules/d3-time-format": {
      "version": "2.3.0",
      "resolved": "https://registry.npmjs.org/d3-time-format/-/d3-time-format-2.3.0.tgz",
      "integrity": "sha512-guv6b2H37s2Uq/GefleCDtbe0XZAuy7Wa49VGkPVPMfLL9qObgBST3lEHJBMUp8S7NdLQAGIvr2KXk8Hc98iKQ==",
      "license": "BSD-3-Clause",
      "dependencies": {
        "d3-time": "1"
      }
    },
    "node_modules/d3-time-format/node_modules/d3-time": {
      "version": "1.1.0",
      "resolved": "https://registry.npmjs.org/d3-time/-/d3-time-1.1.0.tgz",
      "integrity": "sha512-Xh0isrZ5rPYYdqhAVk8VLnMEidhz5aP7htAADH6MfzgmmicPkTo8LhkLxci61/lCB7n7UmE3bN0leRt+qvkLxA==",
      "license": "BSD-3-Clause"
    },
    "node_modules/d3-timer": {
      "version": "1.0.10",
      "resolved": "https://registry.npmjs.org/d3-timer/-/d3-timer-1.0.10.tgz",
      "integrity": "sha512-B1JDm0XDaQC+uvo4DT79H0XmBskgS3l6Ve+1SBCfxgmtIb1AVrPIoqd+nPSv+loMX8szQ0sVUhGngL7D5QPiXw==",
      "license": "BSD-3-Clause"
    },
    "node_modules/d3-transition": {
      "version": "1.3.2",
      "resolved": "https://registry.npmjs.org/d3-transition/-/d3-transition-1.3.2.tgz",
      "integrity": "sha512-sc0gRU4PFqZ47lPVHloMn9tlPcv8jxgOQg+0zjhfZXMQuvppjG6YuwdMBE0TuqCZjeJkLecku/l9R0JPcRhaDA==",
      "license": "BSD-3-Clause",
      "dependencies": {
        "d3-color": "1",
        "d3-dispatch": "1",
        "d3-ease": "1",
        "d3-interpolate": "1",
        "d3-selection": "^1.1.0",
        "d3-timer": "1"
      }
    },
    "node_modules/internmap": {
      "version": "1.0.1",
      "resolved": "https://registry.npmjs.org/internmap/-/internmap-1.0.1.tgz",
      "integrity": "sha512-lDB5YccMydFBtasVtxnZ3MRBHuaoE8GKsppq+EchKL2U4nK/DmEpPHNH8MZe5HkMtpSiTSOZwfN0tzYjO/lJEw==",
      "license": "ISC"
    },
    "node_modules/nanoid": {
      "version": "3.3.11",
      "resolved": "https://registry.npmjs.org/nanoid/-/nanoid-3.3.11.tgz",
      "integrity": "sha512-N8SpfPUnUp1bK+PMYW8qSWdl9U+wwNWI4QKxOYDy9JAro3WMX7p2OeVRF9v+347pnakNevPmiHhNmZ2HbFA76w==",
      "funding": [
        {
          "type": "github",
          "url": "https://github.com/sponsors/ai"
        }
      ],
      "license": "MIT",
      "peer": true,
      "bin": {
        "nanoid": "bin/nanoid.cjs"
      },
      "engines": {
        "node": "^10 || ^12 || ^13.7 || ^14 || >=15.0.1"
      }
    },
    "node_modules/picocolors": {
      "version": "1.1.1",
      "resolved": "https://registry.npmjs.org/picocolors/-/picocolors-1.1.1.tgz",
      "integrity": "sha512-xceH2snhtb5M9liqDsmEw56le376mTZkEX/jEb/RxNFyegNul7eNslCXP9FDj/Lcu0X8KEyMceP2ntpaHrDEVA==",
      "license": "ISC",
      "peer": true
    },
    "node_modules/postcss": {
      "version": "8.5.8",
      "resolved": "https://registry.npmjs.org/postcss/-/postcss-8.5.8.tgz",
      "integrity": "sha512-OW/rX8O/jXnm82Ey1k44pObPtdblfiuWnrd8X7GJ7emImCOstunGbXUpp7HdBrFQX6rJzn3sPT397Wp5aCwCHg==",
      "funding": [
        {
          "type": "opencollective",
          "url": "https://opencollective.com/postcss/"
        },
        {
          "type": "tidelift",
          "url": "https://tidelift.com/funding/github/npm/postcss"
        },
        {
          "type": "github",
          "url": "https://github.com/sponsors/ai"
        }
      ],
      "license": "MIT",
      "peer": true,
      "dependencies": {
        "nanoid": "^3.3.11",
        "picocolors": "^1.1.1",
        "source-map-js": "^1.2.1"
      },
      "engines": {
        "node": "^10 || ^12 || >=14"
      }
    },
    "node_modules/prettier": {
      "version": "2.8.8",
      "resolved": "https://registry.npmjs.org/prettier/-/prettier-2.8.8.tgz",
      "integrity": "sha512-tdN8qQGvNjw4CHbY+XXk0JgCXn9QiF21a55rBe5LJAU+kDyC4WQn4+awm2Xfk2lQMk5fKup9XgzTZtGkjBdP9Q==",
      "license": "MIT",
      "optional": true,
      "peer": true,
      "bin": {
        "prettier": "bin-prettier.js"
      },
      "engines": {
        "node": ">=10.13.0"
      },
      "funding": {
        "url": "https://github.com/prettier/prettier?sponsor=1"
      }
    },
    "node_modules/source-map": {
      "version": "0.6.1",
      "resolved": "https://registry.npmjs.org/source-map/-/source-map-0.6.1.tgz",
      "integrity": "sha512-UjgapumWlbMhkBgzT7Ykc5YXUT46F0iKu8SGXq0bcwP5dz/h0Plj6enJqjz1Zbq2l5WaqYnrVbwWOWMyF3F47g==",
      "license": "BSD-3-Clause",
      "peer": true,
      "engines": {
        "node": ">=0.10.0"
      }
    },
    "node_modules/source-map-js": {
      "version": "1.2.1",
      "resolved": "https://registry.npmjs.org/source-map-js/-/source-map-js-1.2.1.tgz",
      "integrity": "sha512-UXWMKhLOwVKb728IUtQPXxfYU+usdybtUrK/8uGE8CQMvrhOpwvzDBwj0QhSL7MQc7vIsISBG8VQ8+IDQxpfQA==",
      "license": "BSD-3-Clause",
      "peer": true,
      "engines": {
        "node": ">=0.10.0"
      }
    },
    "node_modules/vue": {
      "version": "2.7.16",
      "resolved": "https://registry.npmjs.org/vue/-/vue-2.7.16.tgz",
      "integrity": "sha512-4gCtFXaAA3zYZdTp5s4Hl2sozuySsgz4jy1EnpBHNfpMa9dK1ZCG7viqBPCwXtmgc8nHqUsAu3G4gtmXkkY3Sw==",
      "deprecated": "Vue 2 has reached EOL and is no longer actively maintained. See https://v2.vuejs.org/eol/ for more details.",
      "license": "MIT",
      "peer": true,
      "dependencies": {
        "@vue/compiler-sfc": "2.7.16",
        "csstype": "^3.1.0"
      }
    },
    "node_modules/vue-d3-charts": {
      "version": "0.2.8",
      "resolved": "https://registry.npmjs.org/vue-d3-charts/-/vue-d3-charts-0.2.8.tgz",
      "integrity": "sha512-t9y7WBXVC/R47Nb2PwLqw7z3Oqip6yi4PJcRDnG4w3dUmYEA431IiZ2s7v/w8aSHRf24mVDecSUGWS8lGkypZg==",
      "dependencies": {
        "d3-axis": "^1.0.12",
        "d3-cloud": "^1.2.5",
        "d3-ease": "^1.0.6",
        "d3-hierarchy": "^1.1.9",
        "d3-interpolate": "^1.4.0",
        "d3-scale": "^3.2.1",
        "d3-scale-chromatic": "^1.5.0",
        "d3-selection": "^1.4.1",
        "d3-shape": "^1.3.7",
        "d3-time-format": "^2.2.3",
        "d3-transition": "^1.3.2"
      },
      "engines": {
        "node": ">=8"
      },
      "peerDependencies": {
        "vue": "^2.6.10"
      }
    }
  }
}
